// !$*UTF8*$!
{
	archiveVersion = 1;
	classes = {
	};
	objectVersion = 46;
	objects = {

/* Begin PBXBuildFile section */
		7E7300B71C7278AC003DE60E /* networkplaygroundserver in CopyFiles */ = {isa = PBXBuildFile; fileRef = 7E73009E1C727471003DE60E /* networkplaygroundserver */; };
		7E7300B81C7278B9003DE60E /* networkplaygroundclient in CopyFiles */ = {isa = PBXBuildFile; fileRef = 7E7300931C72742E003DE60E /* networkplaygroundclient */; };
		FE1DE7391C72A51200ABF75D /* main.cpp in Sources */ = {isa = PBXBuildFile; fileRef = FE1DE7381C72A51200ABF75D /* main.cpp */; };
		FE1DE73D1C72A5A400ABF75D /* tests.cpp in Sources */ = {isa = PBXBuildFile; fileRef = FE1DE73B1C72A5A400ABF75D /* tests.cpp */; };
		FE1DE7421C72A5CF00ABF75D /* main.cpp in Sources */ = {isa = PBXBuildFile; fileRef = FE1DE7401C72A5CF00ABF75D /* main.cpp */; };
		FE1DE7481C72A61400ABF75D /* test.cpp in Sources */ = {isa = PBXBuildFile; fileRef = FE1DE7461C72A61400ABF75D /* test.cpp */; };
		FE1DE7491C72A61400ABF75D /* test.cpp in Sources */ = {isa = PBXBuildFile; fileRef = FE1DE7461C72A61400ABF75D /* test.cpp */; };
/* End PBXBuildFile section */

/* Begin PBXCopyFilesBuildPhase section */
		7E7300911C72742E003DE60E /* CopyFiles */ = {
			isa = PBXCopyFilesBuildPhase;
			buildActionMask = 12;
			dstPath = /Users/eparreira/xcode_out/networkplayground;
			dstSubfolderSpec = 0;
			files = (
				7E7300B81C7278B9003DE60E /* networkplaygroundclient in CopyFiles */,
			);
			runOnlyForDeploymentPostprocessing = 0;
		};
		7E73009C1C727471003DE60E /* CopyFiles */ = {
			isa = PBXCopyFilesBuildPhase;
			buildActionMask = 12;
			dstPath = /Users/erikparreira/xcode_out/networkplayground;
			dstSubfolderSpec = 0;
			files = (
				7E7300B71C7278AC003DE60E /* networkplaygroundserver in CopyFiles */,
			);
			runOnlyForDeploymentPostprocessing = 0;
		};
/* End PBXCopyFilesBuildPhase section */

/* Begin PBXFileReference section */
		7E7300931C72742E003DE60E /* networkplaygroundclient */ = {isa = PBXFileReference; explicitFileType = "compiled.mach-o.executable"; includeInIndex = 0; path = networkplaygroundclient; sourceTree = BUILT_PRODUCTS_DIR; };
		7E73009E1C727471003DE60E /* networkplaygroundserver */ = {isa = PBXFileReference; explicitFileType = "compiled.mach-o.executable"; includeInIndex = 0; path = networkplaygroundserver; sourceTree = BUILT_PRODUCTS_DIR; };
		FE1DE7381C72A51200ABF75D /* main.cpp */ = {isa = PBXFileReference; fileEncoding = 4; lastKnownFileType = sourcecode.cpp.cpp; path = main.cpp; sourceTree = "<group>"; };
		FE1DE73B1C72A5A400ABF75D /* tests.cpp */ = {isa = PBXFileReference; fileEncoding = 4; lastKnownFileType = sourcecode.cpp.cpp; path = tests.cpp; sourceTree = "<group>"; };
		FE1DE73C1C72A5A400ABF75D /* tests.hpp */ = {isa = PBXFileReference; fileEncoding = 4; lastKnownFileType = sourcecode.cpp.h; path = tests.hpp; sourceTree = "<group>"; };
		FE1DE7401C72A5CF00ABF75D /* main.cpp */ = {isa = PBXFileReference; fileEncoding = 4; lastKnownFileType = sourcecode.cpp.cpp; path = main.cpp; sourceTree = "<group>"; };
		FE1DE7441C72A61400ABF75D /* test.hpp */ = {isa = PBXFileReference; fileEncoding = 4; lastKnownFileType = sourcecode.cpp.h; path = test.hpp; sourceTree = "<group>"; };
		FE1DE7461C72A61400ABF75D /* test.cpp */ = {isa = PBXFileReference; fileEncoding = 4; lastKnownFileType = sourcecode.cpp.cpp; path = test.cpp; sourceTree = "<group>"; };
/* End PBXFileReference section */

/* Begin PBXFrameworksBuildPhase section */
		7E7300901C72742E003DE60E /* Frameworks */ = {
			isa = PBXFrameworksBuildPhase;
			buildActionMask = 2147483647;
			files = (
			);
			runOnlyForDeploymentPostprocessing = 0;
		};
		7E73009B1C727471003DE60E /* Frameworks */ = {
			isa = PBXFrameworksBuildPhase;
			buildActionMask = 2147483647;
			files = (
			);
			runOnlyForDeploymentPostprocessing = 0;
		};
/* End PBXFrameworksBuildPhase section */

/* Begin PBXGroup section */
		7E7300941C72742E003DE60E /* networkplaygroundclient */ = {
			isa = PBXGroup;
			children = (
				FE1DE73E1C72A5CF00ABF75D /* include */,
				FE1DE73F1C72A5CF00ABF75D /* src */,
				FE1DE7411C72A5CF00ABF75D /* tests */,
			);
			path = networkplaygroundclient;
			sourceTree = "<group>";
		};
		7E73009F1C727472003DE60E /* networkplaygroundserver */ = {
			isa = PBXGroup;
			children = (
				FE1DE73A1C72A58F00ABF75D /* tests */,
				FE1DE7371C72A51200ABF75D /* src */,
				7E7300B21C727857003DE60E /* include */,
			);
			path = networkplaygroundserver;
			sourceTree = "<group>";
		};
		7E7300A91C7275F7003DE60E /* networkplayground */ = {
			isa = PBXGroup;
			children = (
				FE1DE7431C72A61400ABF75D /* include */,
				FE1DE7451C72A61400ABF75D /* src */,
				FE1DE7471C72A61400ABF75D /* tests */,
			);
			path = networkplayground;
			sourceTree = "<group>";
		};
		7E7300B21C727857003DE60E /* include */ = {
			isa = PBXGroup;
			children = (
			);
			path = include;
			sourceTree = "<group>";
		};
		7ECC44F61C72715A00A2710D = {
			isa = PBXGroup;
			children = (
				7E7300A91C7275F7003DE60E /* networkplayground */,
				7E7300941C72742E003DE60E /* networkplaygroundclient */,
				7E73009F1C727472003DE60E /* networkplaygroundserver */,
				7ECC45001C72715A00A2710D /* Products */,
			);
			sourceTree = "<group>";
		};
		7ECC45001C72715A00A2710D /* Products */ = {
			isa = PBXGroup;
			children = (
				7E7300931C72742E003DE60E /* networkplaygroundclient */,
				7E73009E1C727471003DE60E /* networkplaygroundserver */,
			);
			name = Products;
			sourceTree = "<group>";
		};
		FE1DE7371C72A51200ABF75D /* src */ = {
			isa = PBXGroup;
			children = (
				FE1DE7381C72A51200ABF75D /* main.cpp */,
			);
			name = src;
			path = include/src;
			sourceTree = "<group>";
		};
		FE1DE73A1C72A58F00ABF75D /* tests */ = {
			isa = PBXGroup;
			children = (
				FE1DE73B1C72A5A400ABF75D /* tests.cpp */,
				FE1DE73C1C72A5A400ABF75D /* tests.hpp */,
			);
			path = tests;
			sourceTree = "<group>";
		};
		FE1DE73E1C72A5CF00ABF75D /* include */ = {
			isa = PBXGroup;
			children = (
			);
			path = include;
			sourceTree = "<group>";
		};
		FE1DE73F1C72A5CF00ABF75D /* src */ = {
			isa = PBXGroup;
			children = (
				FE1DE7401C72A5CF00ABF75D /* main.cpp */,
			);
			path = src;
			sourceTree = "<group>";
		};
		FE1DE7411C72A5CF00ABF75D /* tests */ = {
			isa = PBXGroup;
			children = (
			);
			path = tests;
			sourceTree = "<group>";
		};
		FE1DE7431C72A61400ABF75D /* include */ = {
			isa = PBXGroup;
			children = (
				FE1DE7441C72A61400ABF75D /* test.hpp */,
			);
			path = include;
			sourceTree = "<group>";
		};
		FE1DE7451C72A61400ABF75D /* src */ = {
			isa = PBXGroup;
			children = (
				FE1DE7461C72A61400ABF75D /* test.cpp */,
			);
			path = src;
			sourceTree = "<group>";
		};
		FE1DE7471C72A61400ABF75D /* tests */ = {
			isa = PBXGroup;
			children = (
			);
			path = tests;
			sourceTree = "<group>";
		};
/* End PBXGroup section */

/* Begin PBXNativeTarget section */
		7E7300921C72742E003DE60E /* networkplaygroundclient */ = {
			isa = PBXNativeTarget;
			buildConfigurationList = 7E7300971C72742E003DE60E /* Build configuration list for PBXNativeTarget "networkplaygroundclient" */;
			buildPhases = (
				7E73008F1C72742E003DE60E /* Sources */,
				7E7300901C72742E003DE60E /* Frameworks */,
				7E7300911C72742E003DE60E /* CopyFiles */,
			);
			buildRules = (
			);
			dependencies = (
			);
			name = networkplaygroundclient;
			productName = networkplaygroundclient;
			productReference = 7E7300931C72742E003DE60E /* networkplaygroundclient */;
			productType = "com.apple.product-type.tool";
		};
		7E73009D1C727471003DE60E /* networkplaygroundserver */ = {
			isa = PBXNativeTarget;
			buildConfigurationList = 7E7300A21C727472003DE60E /* Build configuration list for PBXNativeTarget "networkplaygroundserver" */;
			buildPhases = (
				7E73009A1C727471003DE60E /* Sources */,
				7E73009B1C727471003DE60E /* Frameworks */,
				7E73009C1C727471003DE60E /* CopyFiles */,
			);
			buildRules = (
			);
			dependencies = (
			);
			name = networkplaygroundserver;
			productName = networkplaygroundserver;
			productReference = 7E73009E1C727471003DE60E /* networkplaygroundserver */;
			productType = "com.apple.product-type.tool";
		};
/* End PBXNativeTarget section */

/* Begin PBXProject section */
		7ECC44F71C72715A00A2710D /* Project object */ = {
			isa = PBXProject;
			attributes = {
				LastUpgradeCheck = 0720;
				ORGANIZATIONNAME = "Erik Parreira";
				TargetAttributes = {
					7E7300921C72742E003DE60E = {
						CreatedOnToolsVersion = 7.2.1;
					};
					7E73009D1C727471003DE60E = {
						CreatedOnToolsVersion = 7.2.1;
					};
				};
			};
			buildConfigurationList = 7ECC44FA1C72715A00A2710D /* Build configuration list for PBXProject "networkplayground" */;
			compatibilityVersion = "Xcode 3.2";
			developmentRegion = English;
			hasScannedForEncodings = 0;
			knownRegions = (
				en,
			);
			mainGroup = 7ECC44F61C72715A00A2710D;
			productRefGroup = 7ECC45001C72715A00A2710D /* Products */;
			projectDirPath = "";
			projectRoot = "";
			targets = (
				7E7300921C72742E003DE60E /* networkplaygroundclient */,
				7E73009D1C727471003DE60E /* networkplaygroundserver */,
			);
		};
/* End PBXProject section */

/* Begin PBXSourcesBuildPhase section */
		7E73008F1C72742E003DE60E /* Sources */ = {
			isa = PBXSourcesBuildPhase;
			buildActionMask = 2147483647;
			files = (
				FE1DE7421C72A5CF00ABF75D /* main.cpp in Sources */,
				FE1DE7481C72A61400ABF75D /* test.cpp in Sources */,
			);
			runOnlyForDeploymentPostprocessing = 0;
		};
		7E73009A1C727471003DE60E /* Sources */ = {
			isa = PBXSourcesBuildPhase;
			buildActionMask = 2147483647;
			files = (
				FE1DE7391C72A51200ABF75D /* main.cpp in Sources */,
				FE1DE73D1C72A5A400ABF75D /* tests.cpp in Sources */,
				FE1DE7491C72A61400ABF75D /* test.cpp in Sources */,
			);
			runOnlyForDeploymentPostprocessing = 0;
		};
/* End PBXSourcesBuildPhase section */

/* Begin XCBuildConfiguration section */
		7E7300981C72742E003DE60E /* Debug */ = {
			isa = XCBuildConfiguration;
			buildSettings = {
				PRODUCT_NAME = "$(TARGET_NAME)";
			};
			name = Debug;
		};
		7E7300991C72742E003DE60E /* Release */ = {
			isa = XCBuildConfiguration;
			buildSettings = {
				PRODUCT_NAME = "$(TARGET_NAME)";
			};
			name = Release;
		};
		7E7300A31C727472003DE60E /* Debug */ = {
			isa = XCBuildConfiguration;
			buildSettings = {
				PRODUCT_NAME = "$(TARGET_NAME)";
			};
			name = Debug;
		};
		7E7300A41C727472003DE60E /* Release */ = {
			isa = XCBuildConfiguration;
			buildSettings = {
				PRODUCT_NAME = "$(TARGET_NAME)";
			};
			name = Release;
		};
		7ECC45041C72715A00A2710D /* Debug */ = {
			isa = XCBuildConfiguration;
			buildSettings = {
				ALWAYS_SEARCH_USER_PATHS = NO;
				CLANG_CXX_LANGUAGE_STANDARD = "gnu++0x";
				CLANG_CXX_LIBRARY = "libc++";
				CLANG_ENABLE_MODULES = YES;
				CLANG_ENABLE_OBJC_ARC = YES;
				CLANG_WARN_BOOL_CONVERSION = YES;
				CLANG_WARN_CONSTANT_CONVERSION = YES;
				CLANG_WARN_DIRECT_OBJC_ISA_USAGE = YES_ERROR;
				CLANG_WARN_EMPTY_BODY = YES;
				CLANG_WARN_ENUM_CONVERSION = YES;
				CLANG_WARN_INT_CONVERSION = YES;
				CLANG_WARN_OBJC_ROOT_CLASS = YES_ERROR;
				CLANG_WARN_UNREACHABLE_CODE = YES;
				CLANG_WARN__DUPLICATE_METHOD_MATCH = YES;
				CODE_SIGN_IDENTITY = "-";
				COPY_PHASE_STRIP = NO;
				DEBUG_INFORMATION_FORMAT = dwarf;
				ENABLE_STRICT_OBJC_MSGSEND = YES;
				ENABLE_TESTABILITY = YES;
				GCC_C_LANGUAGE_STANDARD = gnu99;
				GCC_DYNAMIC_NO_PIC = NO;
				GCC_NO_COMMON_BLOCKS = YES;
				GCC_OPTIMIZATION_LEVEL = 0;
				GCC_PREPROCESSOR_DEFINITIONS = (
					"DEBUG=1",
					"$(inherited)",
				);
				GCC_WARN_64_TO_32_BIT_CONVERSION = YES;
				GCC_WARN_ABOUT_RETURN_TYPE = YES_ERROR;
				GCC_WARN_UNDECLARED_SELECTOR = YES;
				GCC_WARN_UNINITIALIZED_AUTOS = YES_AGGRESSIVE;
				GCC_WARN_UNUSED_FUNCTION = YES;
				GCC_WARN_UNUSED_VARIABLE = YES;
				MACOSX_DEPLOYMENT_TARGET = 10.10;
				MTL_ENABLE_DEBUG_INFO = YES;
				ONLY_ACTIVE_ARCH = YES;
				SDKROOT = macosx;
			};
			name = Debug;
		};
		7ECC45051C72715A00A2710D /* Release */ = {
			isa = XCBuildConfiguration;
			buildSettings = {
				ALWAYS_SEARCH_USER_PATHS = NO;
				CLANG_CXX_LANGUAGE_STANDARD = "gnu++0x";
				CLANG_CXX_LIBRARY = "libc++";
				CLANG_ENABLE_MODULES = YES;
				CLANG_ENABLE_OBJC_ARC = YES;
				CLANG_WARN_BOOL_CONVERSION = YES;
				CLANG_WARN_CONSTANT_CONVERSION = YES;
				CLANG_WARN_DIRECT_OBJC_ISA_USAGE = YES_ERROR;
				CLANG_WARN_EMPTY_BODY = YES;
				CLANG_WARN_ENUM_CONVERSION = YES;
				CLANG_WARN_INT_CONVERSION = YES;
				CLANG_WARN_OBJC_ROOT_CLASS = YES_ERROR;
				CLANG_WARN_UNREACHABLE_CODE = YES;
				CLANG_WARN__DUPLICATE_METHOD_MATCH = YES;
				CODE_SIGN_IDENTITY = "-";
				COPY_PHASE_STRIP = NO;
				DEBUG_INFORMATION_FORMAT = "dwarf-with-dsym";
				ENABLE_NS_ASSERTIONS = NO;
				ENABLE_STRICT_OBJC_MSGSEND = YES;
				GCC_C_LANGUAGE_STANDARD = gnu99;
				GCC_NO_COMMON_BLOCKS = YES;
				GCC_WARN_64_TO_32_BIT_CONVERSION = YES;
				GCC_WARN_ABOUT_RETURN_TYPE = YES_ERROR;
				GCC_WARN_UNDECLARED_SELECTOR = YES;
				GCC_WARN_UNINITIALIZED_AUTOS = YES_AGGRESSIVE;
				GCC_WARN_UNUSED_FUNCTION = YES;
				GCC_WARN_UNUSED_VARIABLE = YES;
				MACOSX_DEPLOYMENT_TARGET = 10.10;
				MTL_ENABLE_DEBUG_INFO = NO;
				SDKROOT = macosx;
			};
			name = Release;
		};
/* End XCBuildConfiguration section */

/* Begin XCConfigurationList section */
		7E7300971C72742E003DE60E /* Build configuration list for PBXNativeTarget "networkplaygroundclient" */ = {
			isa = XCConfigurationList;
			buildConfigurations = (
				7E7300981C72742E003DE60E /* Debug */,
				7E7300991C72742E003DE60E /* Release */,
			);
			defaultConfigurationIsVisible = 0;
			defaultConfigurationName = Release;
		};
		7E7300A21C727472003DE60E /* Build configuration list for PBXNativeTarget "networkplaygroundserver" */ = {
			isa = XCConfigurationList;
			buildConfigurations = (
				7E7300A31C727472003DE60E /* Debug */,
				7E7300A41C727472003DE60E /* Release */,
			);
			defaultConfigurationIsVisible = 0;
			defaultConfigurationName = Release;
		};
		7ECC44FA1C72715A00A2710D /* Build configuration list for PBXProject "networkplayground" */ = {
			isa = XCConfigurationList;
			buildConfigurations = (
				7ECC45041C72715A00A2710D /* Debug */,
				7ECC45051C72715A00A2710D /* Release */,
			);
			defaultConfigurationIsVisible = 0;
			defaultConfigurationName = Release;
		};
/* End XCConfigurationList section */
	};
	rootObject = 7ECC44F71C72715A00A2710D /* Project object */;
}
